
Microsoft Visual Studio Solution File, Format Version 12.00
# Visual Studio Version 17
VisualStudioVersion = 17.0.31903.59
MinimumVisualStudioVersion = 10.0.40219.1
Project("{FAE04EC0-301F-11D3-BF4B-00C04F79EFBC}") = "Tran.Desktop", "Tran.Desktop\Tran.Desktop.csproj", "{0036B0AA-E59D-4D1C-8FC6-906D3B3E7F6C}"
EndProject
Project("{FAE04EC0-301F-11D3-BF4B-00C04F79EFBC}") = "Tran.Core", "Tran.Core\Tran.Core.csproj", "{87F2432B-EAA0-45D2-BE84-FD8FBA0387DF}"
EndProject
Project("{FAE04EC0-301F-11D3-BF4B-00C04F79EFBC}") = "Tran.Data", "Tran.Data\Tran.Data.csproj", "{C406AEF8-2009-4C43-BF60-04848127E9A6}"
EndProject
Global
	GlobalSection(SolutionConfigurationPlatforms) = preSolution
		Debug|Any CPU = Debug|Any CPU
		Release|Any CPU = Release|Any CPU
	EndGlobalSection
	GlobalSection(SolutionProperties) = preSolution
		HideSolutionNode = FALSE
	EndGlobalSection
	GlobalSection(ProjectConfigurationPlatforms) = postSolution
		{0036B0AA-E59D-4D1C-8FC6-906D3B3E7F6C}.Debug|Any CPU.ActiveCfg = Debug|Any CPU
		{0036B0AA-E59D-4D1C-8FC6-906D3B3E7F6C}.Debug|Any CPU.Build.0 = Debug|Any CPU
		{0036B0AA-E59D-4D1C-8FC6-906D3B3E7F6C}.Release|Any CPU.ActiveCfg = Release|Any CPU
		{0036B0AA-E59D-4D1C-8FC6-906D3B3E7F6C}.Release|Any CPU.Build.0 = Release|Any CPU
		{87F2432B-EAA0-45D2-BE84-FD8FBA0387DF}.Debug|Any CPU.ActiveCfg = Debug|Any CPU
		{87F2432B-EAA0-45D2-BE84-FD8FBA0387DF}.Debug|Any CPU.Build.0 = Debug|Any CPU
		{87F2432B-EAA0-45D2-BE84-FD8FBA0387DF}.Release|Any CPU.ActiveCfg = Release|Any CPU
		{87F2432B-EAA0-45D2-BE84-FD8FBA0387DF}.Release|Any CPU.Build.0 = Release|Any CPU
		{C406AEF8-2009-4C43-BF60-04848127E9A6}.Debug|Any CPU.ActiveCfg = Debug|Any CPU
		{C406AEF8-2009-4C43-BF60-04848127E9A6}.Debug|Any CPU.Build.0 = Debug|Any CPU
		{C406AEF8-2009-4C43-BF60-04848127E9A6}.Release|Any CPU.ActiveCfg = Release|Any CPU
		{C406AEF8-2009-4C43-BF60-04848127E9A6}.Release|Any CPU.Build.0 = Release|Any CPU
	EndGlobalSection
EndGlobal
